
Microsoft Visual Studio Solution File, Format Version 12.00
# Visual Studio Version 17
VisualStudioVersion = 17.14.36202.13 d17.14
MinimumVisualStudioVersion = 10.0.40219.1
Project("{FAE04EC0-301F-11D3-BF4B-00C04F79EFBC}") = "Api_TutorIdiomas", "Api_TutorIdiomas.csproj", "{DE0B6A0B-8578-4E31-B3C4-0F6031A9F37E}"
EndProject
Global
	GlobalSection(SolutionConfigurationPlatforms) = preSolution
		Debug|Any CPU = Debug|Any CPU
		Release|Any CPU = Release|Any CPU
	EndGlobalSection
	GlobalSection(ProjectConfigurationPlatforms) = postSolution
		{DE0B6A0B-8578-4E31-B3C4-0F6031A9F37E}.Debug|Any CPU.ActiveCfg = Debug|Any CPU
		{DE0B6A0B-8578-4E31-B3C4-0F6031A9F37E}.Debug|Any CPU.Build.0 = Debug|Any CPU
		{DE0B6A0B-8578-4E31-B3C4-0F6031A9F37E}.Release|Any CPU.ActiveCfg = Release|Any CPU
		{DE0B6A0B-8578-4E31-B3C4-0F6031A9F37E}.Release|Any CPU.Build.0 = Release|Any CPU
	EndGlobalSection
	GlobalSection(SolutionProperties) = preSolution
		HideSolutionNode = FALSE
	EndGlobalSection
	GlobalSection(ExtensibilityGlobals) = postSolution
		SolutionGuid = {AC62AB50-1A23-4E13-90D0-FC11E48BF02B}
	EndGlobalSection
EndGlobal
